
Microsoft Visual Studio Solution File, Format Version 12.00
# Visual Studio Version 17
VisualStudioVersion = 17.0.31903.59
MinimumVisualStudioVersion = 10.0.40219.1
Project("{2150E333-8FDC-42A3-9474-1A3956D46DE8}") = "src", "src", "{827E0CD3-B72D-47B6-A68D-7590B98EB39B}"
EndProject
Project("{FAE04EC0-301F-11D3-BF4B-00C04F79EFBC}") = "ChatbotAPI.Models", "src\ChatbotAPI.Models\ChatbotAPI.Models.csproj", "{0B6F90CB-4635-441A-9BFF-7744FE0AFA12}"
EndProject
Project("{FAE04EC0-301F-11D3-BF4B-00C04F79EFBC}") = "ChatbotAPI.Services", "src\ChatbotAPI.Services\ChatbotAPI.Services.csproj", "{8207D93A-AC9A-4643-A34E-FCFF96F33E3E}"
EndProject
Project("{FAE04EC0-301F-11D3-BF4B-00C04F79EFBC}") = "ChatbotAPI.Repositories", "src\ChatbotAPI.Repositories\ChatbotAPI.Repositories.csproj", "{546729E2-85D1-41FC-B953-90DDA3CE47D9}"
EndProject
Project("{FAE04EC0-301F-11D3-BF4B-00C04F79EFBC}") = "ChatbotAPI.API", "src\ChatbotAPI.API\ChatbotAPI.API.csproj", "{27FD6CBD-7031-4CD2-B5BC-2594568CE6D5}"
EndProject
Project("{2150E333-8FDC-42A3-9474-1A3956D46DE8}") = "tests", "tests", "{0AB3BF05-4346-4AA6-1389-037BE0695223}"
EndProject
Project("{FAE04EC0-301F-11D3-BF4B-00C04F79EFBC}") = "ChatbotAPI.Tests", "tests\ChatbotAPI.Tests\ChatbotAPI.Tests.csproj", "{2BCDD68C-95BA-41F5-97B1-BE1177C461D8}"
EndProject
Global
	GlobalSection(SolutionConfigurationPlatforms) = preSolution
		Debug|Any CPU = Debug|Any CPU
		Debug|x64 = Debug|x64
		Debug|x86 = Debug|x86
		Release|Any CPU = Release|Any CPU
		Release|x64 = Release|x64
		Release|x86 = Release|x86
	EndGlobalSection
	GlobalSection(ProjectConfigurationPlatforms) = postSolution
		{0B6F90CB-4635-441A-9BFF-7744FE0AFA12}.Debug|Any CPU.ActiveCfg = Debug|Any CPU
		{0B6F90CB-4635-441A-9BFF-7744FE0AFA12}.Debug|Any CPU.Build.0 = Debug|Any CPU
		{0B6F90CB-4635-441A-9BFF-7744FE0AFA12}.Debug|x64.ActiveCfg = Debug|Any CPU
		{0B6F90CB-4635-441A-9BFF-7744FE0AFA12}.Debug|x64.Build.0 = Debug|Any CPU
		{0B6F90CB-4635-441A-9BFF-7744FE0AFA12}.Debug|x86.ActiveCfg = Debug|Any CPU
		{0B6F90CB-4635-441A-9BFF-7744FE0AFA12}.Debug|x86.Build.0 = Debug|Any CPU
		{0B6F90CB-4635-441A-9BFF-7744FE0AFA12}.Release|Any CPU.ActiveCfg = Release|Any CPU
		{0B6F90CB-4635-441A-9BFF-7744FE0AFA12}.Release|Any CPU.Build.0 = Release|Any CPU
		{0B6F90CB-4635-441A-9BFF-7744FE0AFA12}.Release|x64.ActiveCfg = Release|Any CPU
		{0B6F90CB-4635-441A-9BFF-7744FE0AFA12}.Release|x64.Build.0 = Release|Any CPU
		{0B6F90CB-4635-441A-9BFF-7744FE0AFA12}.Release|x86.ActiveCfg = Release|Any CPU
		{0B6F90CB-4635-441A-9BFF-7744FE0AFA12}.Release|x86.Build.0 = Release|Any CPU
		{8207D93A-AC9A-4643-A34E-FCFF96F33E3E}.Debug|Any CPU.ActiveCfg = Debug|Any CPU
		{8207D93A-AC9A-4643-A34E-FCFF96F33E3E}.Debug|Any CPU.Build.0 = Debug|Any CPU
		{8207D93A-AC9A-4643-A34E-FCFF96F33E3E}.Debug|x64.ActiveCfg = Debug|Any CPU
		{8207D93A-AC9A-4643-A34E-FCFF96F33E3E}.Debug|x64.Build.0 = Debug|Any CPU
		{8207D93A-AC9A-4643-A34E-FCFF96F33E3E}.Debug|x86.ActiveCfg = Debug|Any CPU
		{8207D93A-AC9A-4643-A34E-FCFF96F33E3E}.Debug|x86.Build.0 = Debug|Any CPU
		{8207D93A-AC9A-4643-A34E-FCFF96F33E3E}.Release|Any CPU.ActiveCfg = Release|Any CPU
		{8207D93A-AC9A-4643-A34E-FCFF96F33E3E}.Release|Any CPU.Build.0 = Release|Any CPU
		{8207D93A-AC9A-4643-A34E-FCFF96F33E3E}.Release|x64.ActiveCfg = Release|Any CPU
		{8207D93A-AC9A-4643-A34E-FCFF96F33E3E}.Release|x64.Build.0 = Release|Any CPU
		{8207D93A-AC9A-4643-A34E-FCFF96F33E3E}.Release|x86.ActiveCfg = Release|Any CPU
		{8207D93A-AC9A-4643-A34E-FCFF96F33E3E}.Release|x86.Build.0 = Release|Any CPU
		{546729E2-85D1-41FC-B953-90DDA3CE47D9}.Debug|Any CPU.ActiveCfg = Debug|Any CPU
		{546729E2-85D1-41FC-B953-90DDA3CE47D9}.Debug|Any CPU.Build.0 = Debug|Any CPU
		{546729E2-85D1-41FC-B953-90DDA3CE47D9}.Debug|x64.ActiveCfg = Debug|Any CPU
		{546729E2-85D1-41FC-B953-90DDA3CE47D9}.Debug|x64.Build.0 = Debug|Any CPU
		{546729E2-85D1-41FC-B953-90DDA3CE47D9}.Debug|x86.ActiveCfg = Debug|Any CPU
		{546729E2-85D1-41FC-B953-90DDA3CE47D9}.Debug|x86.Build.0 = Debug|Any CPU
		{546729E2-85D1-41FC-B953-90DDA3CE47D9}.Release|Any CPU.ActiveCfg = Release|Any CPU
		{546729E2-85D1-41FC-B953-90DDA3CE47D9}.Release|Any CPU.Build.0 = Release|Any CPU
		{546729E2-85D1-41FC-B953-90DDA3CE47D9}.Release|x64.ActiveCfg = Release|Any CPU
		{546729E2-85D1-41FC-B953-90DDA3CE47D9}.Release|x64.Build.0 = Release|Any CPU
		{546729E2-85D1-41FC-B953-90DDA3CE47D9}.Release|x86.ActiveCfg = Release|Any CPU
		{546729E2-85D1-41FC-B953-90DDA3CE47D9}.Release|x86.Build.0 = Release|Any CPU
		{27FD6CBD-7031-4CD2-B5BC-2594568CE6D5}.Debug|Any CPU.ActiveCfg = Debug|Any CPU
		{27FD6CBD-7031-4CD2-B5BC-2594568CE6D5}.Debug|Any CPU.Build.0 = Debug|Any CPU
		{27FD6CBD-7031-4CD2-B5BC-2594568CE6D5}.Debug|x64.ActiveCfg = Debug|Any CPU
		{27FD6CBD-7031-4CD2-B5BC-2594568CE6D5}.Debug|x64.Build.0 = Debug|Any CPU
		{27FD6CBD-7031-4CD2-B5BC-2594568CE6D5}.Debug|x86.ActiveCfg = Debug|Any CPU
		{27FD6CBD-7031-4CD2-B5BC-2594568CE6D5}.Debug|x86.Build.0 = Debug|Any CPU
		{27FD6CBD-7031-4CD2-B5BC-2594568CE6D5}.Release|Any CPU.ActiveCfg = Release|Any CPU
		{27FD6CBD-7031-4CD2-B5BC-2594568CE6D5}.Release|Any CPU.Build.0 = Release|Any CPU
		{27FD6CBD-7031-4CD2-B5BC-2594568CE6D5}.Release|x64.ActiveCfg = Release|Any CPU
		{27FD6CBD-7031-4CD2-B5BC-2594568CE6D5}.Release|x64.Build.0 = Release|Any CPU
		{27FD6CBD-7031-4CD2-B5BC-2594568CE6D5}.Release|x86.ActiveCfg = Release|Any CPU
		{27FD6CBD-7031-4CD2-B5BC-2594568CE6D5}.Release|x86.Build.0 = Release|Any CPU
		{2BCDD68C-95BA-41F5-97B1-BE1177C461D8}.Debug|Any CPU.ActiveCfg = Debug|Any CPU
		{2BCDD68C-95BA-41F5-97B1-BE1177C461D8}.Debug|Any CPU.Build.0 = Debug|Any CPU
		{2BCDD68C-95BA-41F5-97B1-BE1177C461D8}.Debug|x64.ActiveCfg = Debug|Any CPU
		{2BCDD68C-95BA-41F5-97B1-BE1177C461D8}.Debug|x64.Build.0 = Debug|Any CPU
		{2BCDD68C-95BA-41F5-97B1-BE1177C461D8}.Debug|x86.ActiveCfg = Debug|Any CPU
		{2BCDD68C-95BA-41F5-97B1-BE1177C461D8}.Debug|x86.Build.0 = Debug|Any CPU
		{2BCDD68C-95BA-41F5-97B1-BE1177C461D8}.Release|Any CPU.ActiveCfg = Release|Any CPU
		{2BCDD68C-95BA-41F5-97B1-BE1177C461D8}.Release|Any CPU.Build.0 = Release|Any CPU
		{2BCDD68C-95BA-41F5-97B1-BE1177C461D8}.Release|x64.ActiveCfg = Release|Any CPU
		{2BCDD68C-95BA-41F5-97B1-BE1177C461D8}.Release|x64.Build.0 = Release|Any CPU
		{2BCDD68C-95BA-41F5-97B1-BE1177C461D8}.Release|x86.ActiveCfg = Release|Any CPU
		{2BCDD68C-95BA-41F5-97B1-BE1177C461D8}.Release|x86.Build.0 = Release|Any CPU
	EndGlobalSection
	GlobalSection(SolutionProperties) = preSolution
		HideSolutionNode = FALSE
	EndGlobalSection
	GlobalSection(NestedProjects) = preSolution
		{0B6F90CB-4635-441A-9BFF-7744FE0AFA12} = {827E0CD3-B72D-47B6-A68D-7590B98EB39B}
		{8207D93A-AC9A-4643-A34E-FCFF96F33E3E} = {827E0CD3-B72D-47B6-A68D-7590B98EB39B}
		{546729E2-85D1-41FC-B953-90DDA3CE47D9} = {827E0CD3-B72D-47B6-A68D-7590B98EB39B}
		{27FD6CBD-7031-4CD2-B5BC-2594568CE6D5} = {827E0CD3-B72D-47B6-A68D-7590B98EB39B}
		{2BCDD68C-95BA-41F5-97B1-BE1177C461D8} = {0AB3BF05-4346-4AA6-1389-037BE0695223}
	EndGlobalSection
EndGlobal
